// !$*UTF8*$!
{
	archiveVersion = 1;
	classes = {
	};
	objectVersion = 56;
	objects = {

/* Begin PBXBuildFile section */
		D90101B22CED4C5800E91AAA /* AppDelegate.swift in Sources */ = {isa = PBXBuildFile; fileRef = D90101B12CED4C5800E91AAA /* AppDelegate.swift */; };
		D90101B42CED4C5800E91AAA /* SceneDelegate.swift in Sources */ = {isa = PBXBuildFile; fileRef = D90101B32CED4C5800E91AAA /* SceneDelegate.swift */; };
		D90101B62CED4C5800E91AAA /* ViewController.swift in Sources */ = {isa = PBXBuildFile; fileRef = D90101B52CED4C5800E91AAA /* ViewController.swift */; };
		D90101B92CED4C5800E91AAA /* Main.storyboard in Resources */ = {isa = PBXBuildFile; fileRef = D90101B72CED4C5800E91AAA /* Main.storyboard */; };
		D90101BC2CED4C5800E91AAA /* UserItemsExam.xcdatamodeld in Sources */ = {isa = PBXBuildFile; fileRef = D90101BA2CED4C5800E91AAA /* UserItemsExam.xcdatamodeld */; };
		D90101BE2CED4C5A00E91AAA /* Assets.xcassets in Resources */ = {isa = PBXBuildFile; fileRef = D90101BD2CED4C5A00E91AAA /* Assets.xcassets */; };
		D90101C12CED4C5A00E91AAA /* LaunchScreen.storyboard in Resources */ = {isa = PBXBuildFile; fileRef = D90101BF2CED4C5A00E91AAA /* LaunchScreen.storyboard */; };
		D90101CC2CED4C5A00E91AAA /* UserItemsExamTests.swift in Sources */ = {isa = PBXBuildFile; fileRef = D90101CB2CED4C5A00E91AAA /* UserItemsExamTests.swift */; };
		D90101D62CED4C5A00E91AAA /* UserItemsExamUITests.swift in Sources */ = {isa = PBXBuildFile; fileRef = D90101D52CED4C5A00E91AAA /* UserItemsExamUITests.swift */; };
		D90101D82CED4C5A00E91AAA /* UserItemsExamUITestsLaunchTests.swift in Sources */ = {isa = PBXBuildFile; fileRef = D90101D72CED4C5A00E91AAA /* UserItemsExamUITestsLaunchTests.swift */; };
/* End PBXBuildFile section */

/* Begin PBXContainerItemProxy section */
		D90101C82CED4C5A00E91AAA /* PBXContainerItemProxy */ = {
			isa = PBXContainerItemProxy;
			containerPortal = D90101A62CED4C5800E91AAA /* Project object */;
			proxyType = 1;
			remoteGlobalIDString = D90101AD2CED4C5800E91AAA;
			remoteInfo = UserItemsExam;
		};
		D90101D22CED4C5A00E91AAA /* PBXContainerItemProxy */ = {
			isa = PBXContainerItemProxy;
			containerPortal = D90101A62CED4C5800E91AAA /* Project object */;
			proxyType = 1;
			remoteGlobalIDString = D90101AD2CED4C5800E91AAA;
			remoteInfo = UserItemsExam;
		};
/* End PBXContainerItemProxy section */

/* Begin PBXFileReference section */
		D90101AE2CED4C5800E91AAA /* UserItemsExam.app */ = {isa = PBXFileReference; explicitFileType = wrapper.application; includeInIndex = 0; path = UserItemsExam.app; sourceTree = BUILT_PRODUCTS_DIR; };
		D90101B12CED4C5800E91AAA /* AppDelegate.swift */ = {isa = PBXFileReference; lastKnownFileType = sourcecode.swift; path = AppDelegate.swift; sourceTree = "<group>"; };
		D90101B32CED4C5800E91AAA /* SceneDelegate.swift */ = {isa = PBXFileReference; lastKnownFileType = sourcecode.swift; path = SceneDelegate.swift; sourceTree = "<group>"; };
		D90101B52CED4C5800E91AAA /* ViewController.swift */ = {isa = PBXFileReference; lastKnownFileType = sourcecode.swift; path = ViewController.swift; sourceTree = "<group>"; };
		D90101B82CED4C5800E91AAA /* Base */ = {isa = PBXFileReference; lastKnownFileType = file.storyboard; name = Base; path = Base.lproj/Main.storyboard; sourceTree = "<group>"; };
		D90101BB2CED4C5800E91AAA /* UserItemsExam.xcdatamodel */ = {isa = PBXFileReference; lastKnownFileType = wrapper.xcdatamodel; path = UserItemsExam.xcdatamodel; sourceTree = "<group>"; };
		D90101BD2CED4C5A00E91AAA /* Assets.xcassets */ = {isa = PBXFileReference; lastKnownFileType = folder.assetcatalog; path = Assets.xcassets; sourceTree = "<group>"; };
		D90101C02CED4C5A00E91AAA /* Base */ = {isa = PBXFileReference; lastKnownFileType = file.storyboard; name = Base; path = Base.lproj/LaunchScreen.storyboard; sourceTree = "<group>"; };
		D90101C22CED4C5A00E91AAA /* Info.plist */ = {isa = PBXFileReference; lastKnownFileType = text.plist.xml; path = Info.plist; sourceTree = "<group>"; };
		D90101C72CED4C5A00E91AAA /* UserItemsExamTests.xctest */ = {isa = PBXFileReference; explicitFileType = wrapper.cfbundle; includeInIndex = 0; path = UserItemsExamTests.xctest; sourceTree = BUILT_PRODUCTS_DIR; };
		D90101CB2CED4C5A00E91AAA /* UserItemsExamTests.swift */ = {isa = PBXFileReference; lastKnownFileType = sourcecode.swift; path = UserItemsExamTests.swift; sourceTree = "<group>"; };
		D90101D12CED4C5A00E91AAA /* UserItemsExamUITests.xctest */ = {isa = PBXFileReference; explicitFileType = wrapper.cfbundle; includeInIndex = 0; path = UserItemsExamUITests.xctest; sourceTree = BUILT_PRODUCTS_DIR; };
		D90101D52CED4C5A00E91AAA /* UserItemsExamUITests.swift */ = {isa = PBXFileReference; lastKnownFileType = sourcecode.swift; path = UserItemsExamUITests.swift; sourceTree = "<group>"; };
		D90101D72CED4C5A00E91AAA /* UserItemsExamUITestsLaunchTests.swift */ = {isa = PBXFileReference; lastKnownFileType = sourcecode.swift; path = UserItemsExamUITestsLaunchTests.swift; sourceTree = "<group>"; };
/* End PBXFileReference section */

/* Begin PBXFrameworksBuildPhase section */
		D90101AB2CED4C5800E91AAA /* Frameworks */ = {
			isa = PBXFrameworksBuildPhase;
			buildActionMask = 2147483647;
			files = (
			);
			runOnlyForDeploymentPostprocessing = 0;
		};
		D90101C42CED4C5A00E91AAA /* Frameworks */ = {
			isa = PBXFrameworksBuildPhase;
			buildActionMask = 2147483647;
			files = (
			);
			runOnlyForDeploymentPostprocessing = 0;
		};
		D90101CE2CED4C5A00E91AAA /* Frameworks */ = {
			isa = PBXFrameworksBuildPhase;
			buildActionMask = 2147483647;
			files = (
			);
			runOnlyForDeploymentPostprocessing = 0;
		};
/* End PBXFrameworksBuildPhase section */

/* Begin PBXGroup section */
		D90101A52CED4C5800E91AAA = {
			isa = PBXGroup;
			children = (
				D90101B02CED4C5800E91AAA /* UserItemsExam */,
				D90101CA2CED4C5A00E91AAA /* UserItemsExamTests */,
				D90101D42CED4C5A00E91AAA /* UserItemsExamUITests */,
				D90101AF2CED4C5800E91AAA /* Products */,
			);
			sourceTree = "<group>";
		};
		D90101AF2CED4C5800E91AAA /* Products */ = {
			isa = PBXGroup;
			children = (
				D90101AE2CED4C5800E91AAA /* UserItemsExam.app */,
				D90101C72CED4C5A00E91AAA /* UserItemsExamTests.xctest */,
				D90101D12CED4C5A00E91AAA /* UserItemsExamUITests.xctest */,
			);
			name = Products;
			sourceTree = "<group>";
		};
		D90101B02CED4C5800E91AAA /* UserItemsExam */ = {
			isa = PBXGroup;
			children = (
				D90101B12CED4C5800E91AAA /* AppDelegate.swift */,
				D90101B32CED4C5800E91AAA /* SceneDelegate.swift */,
				D90101B52CED4C5800E91AAA /* ViewController.swift */,
				D90101B72CED4C5800E91AAA /* Main.storyboard */,
				D90101BD2CED4C5A00E91AAA /* Assets.xcassets */,
				D90101BF2CED4C5A00E91AAA /* LaunchScreen.storyboard */,
				D90101C22CED4C5A00E91AAA /* Info.plist */,
				D90101BA2CED4C5800E91AAA /* UserItemsExam.xcdatamodeld */,
			);
			path = UserItemsExam;
			sourceTree = "<group>";
		};
		D90101CA2CED4C5A00E91AAA /* UserItemsExamTests */ = {
			isa = PBXGroup;
			children = (
				D90101CB2CED4C5A00E91AAA /* UserItemsExamTests.swift */,
			);
			path = UserItemsExamTests;
			sourceTree = "<group>";
		};
		D90101D42CED4C5A00E91AAA /* UserItemsExamUITests */ = {
			isa = PBXGroup;
			children = (
				D90101D52CED4C5A00E91AAA /* UserItemsExamUITests.swift */,
				D90101D72CED4C5A00E91AAA /* UserItemsExamUITestsLaunchTests.swift */,
			);
			path = UserItemsExamUITests;
			sourceTree = "<group>";
		};
/* End PBXGroup section */

/* Begin PBXNativeTarget section */
		D90101AD2CED4C5800E91AAA /* UserItemsExam */ = {
			isa = PBXNativeTarget;
			buildConfigurationList = D90101DB2CED4C5A00E91AAA /* Build configuration list for PBXNativeTarget "UserItemsExam" */;
			buildPhases = (
				D90101AA2CED4C5800E91AAA /* Sources */,
				D90101AB2CED4C5800E91AAA /* Frameworks */,
				D90101AC2CED4C5800E91AAA /* Resources */,
			);
			buildRules = (
			);
			dependencies = (
			);
			name = UserItemsExam;
			productName = UserItemsExam;
			productReference = D90101AE2CED4C5800E91AAA /* UserItemsExam.app */;
			productType = "com.apple.product-type.application";
		};
		D90101C62CED4C5A00E91AAA /* UserItemsExamTests */ = {
			isa = PBXNativeTarget;
			buildConfigurationList = D90101DE2CED4C5A00E91AAA /* Build configuration list for PBXNativeTarget "UserItemsExamTests" */;
			buildPhases = (
				D90101C32CED4C5A00E91AAA /* Sources */,
				D90101C42CED4C5A00E91AAA /* Frameworks */,
				D90101C52CED4C5A00E91AAA /* Resources */,
			);
			buildRules = (
			);
			dependencies = (
				D90101C92CED4C5A00E91AAA /* PBXTargetDependency */,
			);
			name = UserItemsExamTests;
			productName = UserItemsExamTests;
			productReference = D90101C72CED4C5A00E91AAA /* UserItemsExamTests.xctest */;
			productType = "com.apple.product-type.bundle.unit-test";
		};
		D90101D02CED4C5A00E91AAA /* UserItemsExamUITests */ = {
			isa = PBXNativeTarget;
			buildConfigurationList = D90101E12CED4C5A00E91AAA /* Build configuration list for PBXNativeTarget "UserItemsExamUITests" */;
			buildPhases = (
				D90101CD2CED4C5A00E91AAA /* Sources */,
				D90101CE2CED4C5A00E91AAA /* Frameworks */,
				D90101CF2CED4C5A00E91AAA /* Resources */,
			);
			buildRules = (
			);
			dependencies = (
				D90101D32CED4C5A00E91AAA /* PBXTargetDependency */,
			);
			name = UserItemsExamUITests;
			productName = UserItemsExamUITests;
			productReference = D90101D12CED4C5A00E91AAA /* UserItemsExamUITests.xctest */;
			productType = "com.apple.product-type.bundle.ui-testing";
		};
/* End PBXNativeTarget section */

/* Begin PBXProject section */
		D90101A62CED4C5800E91AAA /* Project object */ = {
			isa = PBXProject;
			attributes = {
				BuildIndependentTargetsInParallel = 1;
				LastSwiftUpdateCheck = 1520;
				LastUpgradeCheck = 1520;
				TargetAttributes = {
					D90101AD2CED4C5800E91AAA = {
						CreatedOnToolsVersion = 15.2;
					};
					D90101C62CED4C5A00E91AAA = {
						CreatedOnToolsVersion = 15.2;
						TestTargetID = D90101AD2CED4C5800E91AAA;
					};
					D90101D02CED4C5A00E91AAA = {
						CreatedOnToolsVersion = 15.2;
						TestTargetID = D90101AD2CED4C5800E91AAA;
					};
				};
			};
			buildConfigurationList = D90101A92CED4C5800E91AAA /* Build configuration list for PBXProject "UserItemsExam" */;
			compatibilityVersion = "Xcode 14.0";
			developmentRegion = en;
			hasScannedForEncodings = 0;
			knownRegions = (
				en,
				Base,
			);
			mainGroup = D90101A52CED4C5800E91AAA;
			productRefGroup = D90101AF2CED4C5800E91AAA /* Products */;
			projectDirPath = "";
			projectRoot = "";
			targets = (
				D90101AD2CED4C5800E91AAA /* UserItemsExam */,
				D90101C62CED4C5A00E91AAA /* UserItemsExamTests */,
				D90101D02CED4C5A00E91AAA /* UserItemsExamUITests */,
			);
		};
/* End PBXProject section */

/* Begin PBXResourcesBuildPhase section */
		D90101AC2CED4C5800E91AAA /* Resources */ = {
			isa = PBXResourcesBuildPhase;
			buildActionMask = 2147483647;
			files = (
				D90101C12CED4C5A00E91AAA /* LaunchScreen.storyboard in Resources */,
				D90101BE2CED4C5A00E91AAA /* Assets.xcassets in Resources */,
				D90101B92CED4C5800E91AAA /* Main.storyboard in Resources */,
			);
			runOnlyForDeploymentPostprocessing = 0;
		};
		D90101C52CED4C5A00E91AAA /* Resources */ = {
			isa = PBXResourcesBuildPhase;
			buildActionMask = 2147483647;
			files = (
			);
			runOnlyForDeploymentPostprocessing = 0;
		};
		D90101CF2CED4C5A00E91AAA /* Resources */ = {
			isa = PBXResourcesBuildPhase;
			buildActionMask = 2147483647;
			files = (
			);
			runOnlyForDeploymentPostprocessing = 0;
		};
/* End PBXResourcesBuildPhase section */

/* Begin PBXSourcesBuildPhase section */
		D90101AA2CED4C5800E91AAA /* Sources */ = {
			isa = PBXSourcesBuildPhase;
			buildActionMask = 2147483647;
			files = (
				D90101B62CED4C5800E91AAA /* ViewController.swift in Sources */,
				D90101B22CED4C5800E91AAA /* AppDelegate.swift in Sources */,
				D90101BC2CED4C5800E91AAA /* UserItemsExam.xcdatamodeld in Sources */,
				D90101B42CED4C5800E91AAA /* SceneDelegate.swift in Sources */,
			);
			runOnlyForDeploymentPostprocessing = 0;
		};
		D90101C32CED4C5A00E91AAA /* Sources */ = {
			isa = PBXSourcesBuildPhase;
			buildActionMask = 2147483647;
			files = (
				D90101CC2CED4C5A00E91AAA /* UserItemsExamTests.swift in Sources */,
			);
			runOnlyForDeploymentPostprocessing = 0;
		};
		D90101CD2CED4C5A00E91AAA /* Sources */ = {
			isa = PBXSourcesBuildPhase;
			buildActionMask = 2147483647;
			files = (
				D90101D62CED4C5A00E91AAA /* UserItemsExamUITests.swift in Sources */,
				D90101D82CED4C5A00E91AAA /* UserItemsExamUITestsLaunchTests.swift in Sources */,
			);
			runOnlyForDeploymentPostprocessing = 0;
		};
/* End PBXSourcesBuildPhase section */

/* Begin PBXTargetDependency section */
		D90101C92CED4C5A00E91AAA /* PBXTargetDependency */ = {
			isa = PBXTargetDependency;
			target = D90101AD2CED4C5800E91AAA /* UserItemsExam */;
			targetProxy = D90101C82CED4C5A00E91AAA /* PBXContainerItemProxy */;
		};
		D90101D32CED4C5A00E91AAA /* PBXTargetDependency */ = {
			isa = PBXTargetDependency;
			target = D90101AD2CED4C5800E91AAA /* UserItemsExam */;
			targetProxy = D90101D22CED4C5A00E91AAA /* PBXContainerItemProxy */;
		};
/* End PBXTargetDependency section */

/* Begin PBXVariantGroup section */
		D90101B72CED4C5800E91AAA /* Main.storyboard */ = {
			isa = PBXVariantGroup;
			children = (
				D90101B82CED4C5800E91AAA /* Base */,
			);
			name = Main.storyboard;
			sourceTree = "<group>";
		};
		D90101BF2CED4C5A00E91AAA /* LaunchScreen.storyboard */ = {
			isa = PBXVariantGroup;
			children = (
				D90101C02CED4C5A00E91AAA /* Base */,
			);
			name = LaunchScreen.storyboard;
			sourceTree = "<group>";
		};
/* End PBXVariantGroup section */

/* Begin XCBuildConfiguration section */
		D90101D92CED4C5A00E91AAA /* Debug */ = {
			isa = XCBuildConfiguration;
			buildSettings = {
				ALWAYS_SEARCH_USER_PATHS = NO;
				ASSETCATALOG_COMPILER_GENERATE_SWIFT_ASSET_SYMBOL_EXTENSIONS = YES;
				CLANG_ANALYZER_NONNULL = YES;
				CLANG_ANALYZER_NUMBER_OBJECT_CONVERSION = YES_AGGRESSIVE;
				CLANG_CXX_LANGUAGE_STANDARD = "gnu++20";
				CLANG_ENABLE_MODULES = YES;
				CLANG_ENABLE_OBJC_ARC = YES;
				CLANG_ENABLE_OBJC_WEAK = YES;
				CLANG_WARN_BLOCK_CAPTURE_AUTORELEASING = YES;
				CLANG_WARN_BOOL_CONVERSION = YES;
				CLANG_WARN_COMMA = YES;
				CLANG_WARN_CONSTANT_CONVERSION = YES;
				CLANG_WARN_DEPRECATED_OBJC_IMPLEMENTATIONS = YES;
				CLANG_WARN_DIRECT_OBJC_ISA_USAGE = YES_ERROR;
				CLANG_WARN_DOCUMENTATION_COMMENTS = YES;
				CLANG_WARN_EMPTY_BODY = YES;
				CLANG_WARN_ENUM_CONVERSION = YES;
				CLANG_WARN_INFINITE_RECURSION = YES;
				CLANG_WARN_INT_CONVERSION = YES;
				CLANG_WARN_NON_LITERAL_NULL_CONVERSION = YES;
				CLANG_WARN_OBJC_IMPLICIT_RETAIN_SELF = YES;
				CLANG_WARN_OBJC_LITERAL_CONVERSION = YES;
				CLANG_WARN_OBJC_ROOT_CLASS = YES_ERROR;
				CLANG_WARN_QUOTED_INCLUDE_IN_FRAMEWORK_HEADER = YES;
				CLANG_WARN_RANGE_LOOP_ANALYSIS = YES;
				CLANG_WARN_STRICT_PROTOTYPES = YES;
				CLANG_WARN_SUSPICIOUS_MOVE = YES;
				CLANG_WARN_UNGUARDED_AVAILABILITY = YES_AGGRESSIVE;
				CLANG_WARN_UNREACHABLE_CODE = YES;
				CLANG_WARN__DUPLICATE_METHOD_MATCH = YES;
				COPY_PHASE_STRIP = NO;
				DEBUG_INFORMATION_FORMAT = dwarf;
				ENABLE_STRICT_OBJC_MSGSEND = YES;
				ENABLE_TESTABILITY = YES;
				ENABLE_USER_SCRIPT_SANDBOXING = YES;
				GCC_C_LANGUAGE_STANDARD = gnu17;
				GCC_DYNAMIC_NO_PIC = NO;
				GCC_NO_COMMON_BLOCKS = YES;
				GCC_OPTIMIZATION_LEVEL = 0;
				GCC_PREPROCESSOR_DEFINITIONS = (
					"DEBUG=1",
					"$(inherited)",
				);
				GCC_WARN_64_TO_32_BIT_CONVERSION = YES;
				GCC_WARN_ABOUT_RETURN_TYPE = YES_ERROR;
				GCC_WARN_UNDECLARED_SELECTOR = YES;
				GCC_WARN_UNINITIALIZED_AUTOS = YES_AGGRESSIVE;
				GCC_WARN_UNUSED_FUNCTION = YES;
				GCC_WARN_UNUSED_VARIABLE = YES;
				IPHONEOS_DEPLOYMENT_TARGET = 17.2;
				LOCALIZATION_PREFERS_STRING_CATALOGS = YES;
				MTL_ENABLE_DEBUG_INFO = INCLUDE_SOURCE;
				MTL_FAST_MATH = YES;
				ONLY_ACTIVE_ARCH = YES;
				SDKROOT = iphoneos;
				SWIFT_ACTIVE_COMPILATION_CONDITIONS = "DEBUG $(inherited)";
				SWIFT_OPTIMIZATION_LEVEL = "-Onone";
			};
			name = Debug;
		};
		D90101DA2CED4C5A00E91AAA /* Release */ = {
			isa = XCBuildConfiguration;
			buildSettings = {
				ALWAYS_SEARCH_USER_PATHS = NO;
				ASSETCATALOG_COMPILER_GENERATE_SWIFT_ASSET_SYMBOL_EXTENSIONS = YES;
				CLANG_ANALYZER_NONNULL = YES;
				CLANG_ANALYZER_NUMBER_OBJECT_CONVERSION = YES_AGGRESSIVE;
				CLANG_CXX_LANGUAGE_STANDARD = "gnu++20";
				CLANG_ENABLE_MODULES = YES;
				CLANG_ENABLE_OBJC_ARC = YES;
				CLANG_ENABLE_OBJC_WEAK = YES;
				CLANG_WARN_BLOCK_CAPTURE_AUTORELEASING = YES;
				CLANG_WARN_BOOL_CONVERSION = YES;
				CLANG_WARN_COMMA = YES;
				CLANG_WARN_CONSTANT_CONVERSION = YES;
				CLANG_WARN_DEPRECATED_OBJC_IMPLEMENTATIONS = YES;
				CLANG_WARN_DIRECT_OBJC_ISA_USAGE = YES_ERROR;
				CLANG_WARN_DOCUMENTATION_COMMENTS = YES;
				CLANG_WARN_EMPTY_BODY = YES;
				CLANG_WARN_ENUM_CONVERSION = YES;
				CLANG_WARN_INFINITE_RECURSION = YES;
				CLANG_WARN_INT_CONVERSION = YES;
				CLANG_WARN_NON_LITERAL_NULL_CONVERSION = YES;
				CLANG_WARN_OBJC_IMPLICIT_RETAIN_SELF = YES;
				CLANG_WARN_OBJC_LITERAL_CONVERSION = YES;
				CLANG_WARN_OBJC_ROOT_CLASS = YES_ERROR;
				CLANG_WARN_QUOTED_INCLUDE_IN_FRAMEWORK_HEADER = YES;
				CLANG_WARN_RANGE_LOOP_ANALYSIS = YES;
				CLANG_WARN_STRICT_PROTOTYPES = YES;
				CLANG_WARN_SUSPICIOUS_MOVE = YES;
				CLANG_WARN_UNGUARDED_AVAILABILITY = YES_AGGRESSIVE;
				CLANG_WARN_UNREACHABLE_CODE = YES;
				CLANG_WARN__DUPLICATE_METHOD_MATCH = YES;
				COPY_PHASE_STRIP = NO;
				DEBUG_INFORMATION_FORMAT = "dwarf-with-dsym";
				ENABLE_NS_ASSERTIONS = NO;
				ENABLE_STRICT_OBJC_MSGSEND = YES;
				ENABLE_USER_SCRIPT_SANDBOXING = YES;
				GCC_C_LANGUAGE_STANDARD = gnu17;
				GCC_NO_COMMON_BLOCKS = YES;
				GCC_WARN_64_TO_32_BIT_CONVERSION = YES;
				GCC_WARN_ABOUT_RETURN_TYPE = YES_ERROR;
				GCC_WARN_UNDECLARED_SELECTOR = YES;
				GCC_WARN_UNINITIALIZED_AUTOS = YES_AGGRESSIVE;
				GCC_WARN_UNUSED_FUNCTION = YES;
				GCC_WARN_UNUSED_VARIABLE = YES;
				IPHONEOS_DEPLOYMENT_TARGET = 17.2;
				LOCALIZATION_PREFERS_STRING_CATALOGS = YES;
				MTL_ENABLE_DEBUG_INFO = NO;
				MTL_FAST_MATH = YES;
				SDKROOT = iphoneos;
				SWIFT_COMPILATION_MODE = wholemodule;
				VALIDATE_PRODUCT = YES;
			};
			name = Release;
		};
		D90101DC2CED4C5A00E91AAA /* Debug */ = {
			isa = XCBuildConfiguration;
			buildSettings = {
				ASSETCATALOG_COMPILER_APPICON_NAME = AppIcon;
				ASSETCATALOG_COMPILER_GLOBAL_ACCENT_COLOR_NAME = AccentColor;
				CODE_SIGN_STYLE = Automatic;
				CURRENT_PROJECT_VERSION = 1;
				DEVELOPMENT_TEAM = 2U7FA696SS;
				GENERATE_INFOPLIST_FILE = YES;
				INFOPLIST_FILE = UserItemsExam/Info.plist;
				INFOPLIST_KEY_UIApplicationSupportsIndirectInputEvents = YES;
				INFOPLIST_KEY_UILaunchStoryboardName = LaunchScreen;
				INFOPLIST_KEY_UIMainStoryboardFile = Main;
				INFOPLIST_KEY_UISupportedInterfaceOrientations_iPad = "UIInterfaceOrientationPortrait UIInterfaceOrientationPortraitUpsideDown UIInterfaceOrientationLandscapeLeft UIInterfaceOrientationLandscapeRight";
				INFOPLIST_KEY_UISupportedInterfaceOrientations_iPhone = "UIInterfaceOrientationPortrait UIInterfaceOrientationLandscapeLeft UIInterfaceOrientationLandscapeRight";
				LD_RUNPATH_SEARCH_PATHS = (
					"$(inherited)",
					"@executable_path/Frameworks",
				);
				MARKETING_VERSION = 1.0;
				PRODUCT_BUNDLE_IDENTIFIER = korbek.UserItemsExam;
				PRODUCT_NAME = "$(TARGET_NAME)";
				SWIFT_EMIT_LOC_STRINGS = YES;
				SWIFT_VERSION = 5.0;
				TARGETED_DEVICE_FAMILY = "1,2";
			};
			name = Debug;
		};
		D90101DD2CED4C5A00E91AAA /* Release */ = {
			isa = XCBuildConfiguration;
			buildSettings = {
				ASSETCATALOG_COMPILER_APPICON_NAME = AppIcon;
				ASSETCATALOG_COMPILER_GLOBAL_ACCENT_COLOR_NAME = AccentColor;
				CODE_SIGN_STYLE = Automatic;
				CURRENT_PROJECT_VERSION = 1;
				DEVELOPMENT_TEAM = 2U7FA696SS;
				GENERATE_INFOPLIST_FILE = YES;
				INFOPLIST_FILE = UserItemsExam/Info.plist;
				INFOPLIST_KEY_UIApplicationSupportsIndirectInputEvents = YES;
				INFOPLIST_KEY_UILaunchStoryboardName = LaunchScreen;
				INFOPLIST_KEY_UIMainStoryboardFile = Main;
				INFOPLIST_KEY_UISupportedInterfaceOrientations_iPad = "UIInterfaceOrientationPortrait UIInterfaceOrientationPortraitUpsideDown UIInterfaceOrientationLandscapeLeft UIInterfaceOrientationLandscapeRight";
				INFOPLIST_KEY_UISupportedInterfaceOrientations_iPhone = "UIInterfaceOrientationPortrait UIInterfaceOrientationLandscapeLeft UIInterfaceOrientationLandscapeRight";
				LD_RUNPATH_SEARCH_PATHS = (
					"$(inherited)",
					"@executable_path/Frameworks",
				);
				MARKETING_VERSION = 1.0;
				PRODUCT_BUNDLE_IDENTIFIER = korbek.UserItemsExam;
				PRODUCT_NAME = "$(TARGET_NAME)";
				SWIFT_EMIT_LOC_STRINGS = YES;
				SWIFT_VERSION = 5.0;
				TARGETED_DEVICE_FAMILY = "1,2";
			};
			name = Release;
		};
		D90101DF2CED4C5A00E91AAA /* Debug */ = {
			isa = XCBuildConfiguration;
			buildSettings = {
				ALWAYS_EMBED_SWIFT_STANDARD_LIBRARIES = YES;
				BUNDLE_LOADER = "$(TEST_HOST)";
				CODE_SIGN_STYLE = Automatic;
				CURRENT_PROJECT_VERSION = 1;
				DEVELOPMENT_TEAM = 2U7FA696SS;
				GENERATE_INFOPLIST_FILE = YES;
				IPHONEOS_DEPLOYMENT_TARGET = 17.2;
				MARKETING_VERSION = 1.0;
				PRODUCT_BUNDLE_IDENTIFIER = korbek.UserItemsExamTests;
				PRODUCT_NAME = "$(TARGET_NAME)";
				SWIFT_EMIT_LOC_STRINGS = NO;
				SWIFT_VERSION = 5.0;
				TARGETED_DEVICE_FAMILY = "1,2";
				TEST_HOST = "$(BUILT_PRODUCTS_DIR)/UserItemsExam.app/$(BUNDLE_EXECUTABLE_FOLDER_PATH)/UserItemsExam";
			};
			name = Debug;
		};
		D90101E02CED4C5A00E91AAA /* Release */ = {
			isa = XCBuildConfiguration;
			buildSettings = {
				ALWAYS_EMBED_SWIFT_STANDARD_LIBRARIES = YES;
				BUNDLE_LOADER = "$(TEST_HOST)";
				CODE_SIGN_STYLE = Automatic;
				CURRENT_PROJECT_VERSION = 1;
				DEVELOPMENT_TEAM = 2U7FA696SS;
				GENERATE_INFOPLIST_FILE = YES;
				IPHONEOS_DEPLOYMENT_TARGET = 17.2;
				MARKETING_VERSION = 1.0;
				PRODUCT_BUNDLE_IDENTIFIER = korbek.UserItemsExamTests;
				PRODUCT_NAME = "$(TARGET_NAME)";
				SWIFT_EMIT_LOC_STRINGS = NO;
				SWIFT_VERSION = 5.0;
				TARGETED_DEVICE_FAMILY = "1,2";
				TEST_HOST = "$(BUILT_PRODUCTS_DIR)/UserItemsExam.app/$(BUNDLE_EXECUTABLE_FOLDER_PATH)/UserItemsExam";
			};
			name = Release;
		};
		D90101E22CED4C5A00E91AAA /* Debug */ = {
			isa = XCBuildConfiguration;
			buildSettings = {
				ALWAYS_EMBED_SWIFT_STANDARD_LIBRARIES = YES;
				CODE_SIGN_STYLE = Automatic;
				CURRENT_PROJECT_VERSION = 1;
				DEVELOPMENT_TEAM = 2U7FA696SS;
				GENERATE_INFOPLIST_FILE = YES;
				MARKETING_VERSION = 1.0;
				PRODUCT_BUNDLE_IDENTIFIER = korbek.UserItemsExamUITests;
				PRODUCT_NAME = "$(TARGET_NAME)";
				SWIFT_EMIT_LOC_STRINGS = NO;
				SWIFT_VERSION = 5.0;
				TARGETED_DEVICE_FAMILY = "1,2";
				TEST_TARGET_NAME = UserItemsExam;
			};
			name = Debug;
		};
		D90101E32CED4C5A00E91AAA /* Release */ = {
			isa = XCBuildConfiguration;
			buildSettings = {
				ALWAYS_EMBED_SWIFT_STANDARD_LIBRARIES = YES;
				CODE_SIGN_STYLE = Automatic;
				CURRENT_PROJECT_VERSION = 1;
				DEVELOPMENT_TEAM = 2U7FA696SS;
				GENERATE_INFOPLIST_FILE = YES;
				MARKETING_VERSION = 1.0;
				PRODUCT_BUNDLE_IDENTIFIER = korbek.UserItemsExamUITests;
				PRODUCT_NAME = "$(TARGET_NAME)";
				SWIFT_EMIT_LOC_STRINGS = NO;
				SWIFT_VERSION = 5.0;
				TARGETED_DEVICE_FAMILY = "1,2";
				TEST_TARGET_NAME = UserItemsExam;
			};
			name = Release;
		};
/* End XCBuildConfiguration section */

/* Begin XCConfigurationList section */
		D90101A92CED4C5800E91AAA /* Build configuration list for PBXProject "UserItemsExam" */ = {
			isa = XCConfigurationList;
			buildConfigurations = (
				D90101D92CED4C5A00E91AAA /* Debug */,
				D90101DA2CED4C5A00E91AAA /* Release */,
			);
			defaultConfigurationIsVisible = 0;
			defaultConfigurationName = Release;
		};
		D90101DB2CED4C5A00E91AAA /* Build configuration list for PBXNativeTarget "UserItemsExam" */ = {
			isa = XCConfigurationList;
			buildConfigurations = (
				D90101DC2CED4C5A00E91AAA /* Debug */,
				D90101DD2CED4C5A00E91AAA /* Release */,
			);
			defaultConfigurationIsVisible = 0;
			defaultConfigurationName = Release;
		};
		D90101DE2CED4C5A00E91AAA /* Build configuration list for PBXNativeTarget "UserItemsExamTests" */ = {
			isa = XCConfigurationList;
			buildConfigurations = (
				D90101DF2CED4C5A00E91AAA /* Debug */,
				D90101E02CED4C5A00E91AAA /* Release */,
			);
			defaultConfigurationIsVisible = 0;
			defaultConfigurationName = Release;
		};
		D90101E12CED4C5A00E91AAA /* Build configuration list for PBXNativeTarget "UserItemsExamUITests" */ = {
			isa = XCConfigurationList;
			buildConfigurations = (
				D90101E22CED4C5A00E91AAA /* Debug */,
				D90101E32CED4C5A00E91AAA /* Release */,
			);
			defaultConfigurationIsVisible = 0;
			defaultConfigurationName = Release;
		};
/* End XCConfigurationList section */

/* Begin XCVersionGroup section */
		D90101BA2CED4C5800E91AAA /* UserItemsExam.xcdatamodeld */ = {
			isa = XCVersionGroup;
			children = (
				D90101BB2CED4C5800E91AAA /* UserItemsExam.xcdatamodel */,
			);
			currentVersion = D90101BB2CED4C5800E91AAA /* UserItemsExam.xcdatamodel */;
			path = UserItemsExam.xcdatamodeld;
			sourceTree = "<group>";
			versionGroupType = wrapper.xcdatamodel;
		};
/* End XCVersionGroup section */
	};
	rootObject = D90101A62CED4C5800E91AAA /* Project object */;
}
